schema: '2.0'
stages:
  data_ingestion:
    cmd: python -m src.data.data_ingestion
    deps:
    - path: src/data/data_ingestion.py
      hash: md5
      md5: 5b24f9269ae9db6f19d06a7bff35d789
      size: 3656
    params:
      params.yaml:
        data_ingestion.test_size: 0.21
    outs:
    - path: data/raw
      hash: md5
      md5: 286c2717eb4d2055196754b3cce040ba.dir
      size: 634167
      nfiles: 2
  data_preprocessing:
    cmd: python -m src.data.data_preprocessing
    deps:
    - path: data/raw
      hash: md5
      md5: 286c2717eb4d2055196754b3cce040ba.dir
      size: 634167
      nfiles: 2
    - path: src/data/data_preprocessing.py
      hash: md5
      md5: 213a054c21dcdb6fa00fa6cf48ce23aa
      size: 2830
    outs:
    - path: data/interim
      hash: md5
      md5: d87919690bddc5dfc692510bc9231323.dir
      size: 391330
      nfiles: 2
  feature_engineering:
    cmd: python -m src.features.feature_engineering
    deps:
    - path: data/interim
      hash: md5
      md5: d87919690bddc5dfc692510bc9231323.dir
      size: 391330
      nfiles: 2
    - path: src/features/feature_engineering.py
      hash: md5
      md5: c1e9ac62f2a96b3be93c1afc49eaf5ee
      size: 3350
    params:
      params.yaml:
        feature_engineering.max_features: 53
    outs:
    - path: data/processed
      hash: md5
      md5: 3573b377159869dfd4f17a126cd9a67a.dir
      size: 54908
      nfiles: 2
    - path: models/vectorizer.pkl
      hash: md5
      md5: ecab4d30cd3bb44ff4d1b263a8b77929
      size: 1948
  model_building:
    cmd: python -m src.model.model_building
    deps:
    - path: data/processed
      hash: md5
      md5: 3573b377159869dfd4f17a126cd9a67a.dir
      size: 54908
      nfiles: 2
    - path: src/model/model_building.py
      hash: md5
      md5: a41d470ad5e2503dd6b59f056f78b533
      size: 1802
    outs:
    - path: models/model.pkl
      hash: md5
      md5: 08fc20737ad0c900e77361dde540b29e
      size: 1079
  model_evaluation:
    cmd: python -m src.model.model_evaluation
    deps:
    - path: models/model.pkl
      hash: md5
      md5: 08fc20737ad0c900e77361dde540b29e
      size: 1079
    - path: src/model/model_evaluation.py
      hash: md5
      md5: 379d5c261ba5c107e1bb603a960236e0
      size: 15096
    outs:
    - path: reports/experiment_info.json
      hash: md5
      md5: defe6e64477c20a7565bbd48072877b0
      size: 82
    - path: reports/metrics.json
      hash: md5
      md5: 92d6aaedf11da1800824034019da9702
      size: 145
  model_registration:
    cmd: python -m src.model.register_model
    deps:
    - path: reports/experiment_info.json
      hash: md5
      md5: defe6e64477c20a7565bbd48072877b0
      size: 82
    - path: src/model/register_model.py
      hash: md5
      md5: 024b1b8a14ecfff030a0ef3fe412e8d6
      size: 9989
