schema: '2.0'
stages:
  data_ingestion:
    cmd: python -m src.data.data_ingestion
    deps:
    - path: src/data/data_ingestion.py
      hash: md5
      md5: 5b24f9269ae9db6f19d06a7bff35d789
      size: 3656
    params:
      params.yaml:
        data_ingestion.test_size: 0.25
    outs:
    - path: data/raw
      hash: md5
      md5: 4953d242f7d1c37eebb2fe349a579406.dir
      size: 634167
      nfiles: 2
  data_preprocessing:
    cmd: python -m src.data.data_preprocessing
    deps:
    - path: data/raw
      hash: md5
      md5: 4953d242f7d1c37eebb2fe349a579406.dir
      size: 634167
      nfiles: 2
    - path: src/data/data_preprocessing.py
      hash: md5
      md5: 213a054c21dcdb6fa00fa6cf48ce23aa
      size: 2830
    outs:
    - path: data/interim
      hash: md5
      md5: 560b8a01110780f1e7f3c9ca5cace3f2.dir
      size: 391330
      nfiles: 2
  feature_engineering:
    cmd: python -m src.features.feature_engineering
    deps:
    - path: data/interim
      hash: md5
      md5: 560b8a01110780f1e7f3c9ca5cace3f2.dir
      size: 391330
      nfiles: 2
    - path: src/features/feature_engineering.py
      hash: md5
      md5: c1e9ac62f2a96b3be93c1afc49eaf5ee
      size: 3350
    params:
      params.yaml:
        feature_engineering.max_features: 55
    outs:
    - path: data/processed
      hash: md5
      md5: a38daa8f910314d66eb7894aa110ff37.dir
      size: 56921
      nfiles: 2
    - path: models/vectorizer.pkl
      hash: md5
      md5: 775976f5117bac9641e57c1394aaaaae
      size: 2000
  model_building:
    cmd: python -m src.model.model_building
    deps:
    - path: data/processed
      hash: md5
      md5: a38daa8f910314d66eb7894aa110ff37.dir
      size: 56921
      nfiles: 2
    - path: src/model/model_building.py
      hash: md5
      md5: a41d470ad5e2503dd6b59f056f78b533
      size: 1802
    outs:
    - path: models/model.pkl
      hash: md5
      md5: 912b4d2fb879fdd7925a1bcbc0ed9a2b
      size: 1095
  model_evaluation:
    cmd: python -m src.model.model_evaluation
    deps:
    - path: models/model.pkl
      hash: md5
      md5: 912b4d2fb879fdd7925a1bcbc0ed9a2b
      size: 1095
    - path: src/model/model_evaluation.py
      hash: md5
      md5: 4f0c256074b98bc3e198b730f35ea7ed
      size: 9294
    outs:
    - path: reports/experiment_info.json
      hash: md5
      md5: 03187a726d94a4bdb0ea575a6978d955
      size: 82
    - path: reports/metrics.json
      hash: md5
      md5: 354bf16174ce36ae898245642a458c0d
      size: 25
  model_registration:
    cmd: python -m src.model.register_model
    deps:
    - path: reports/experiment_info.json
      hash: md5
      md5: e8695a62b88600c95583fd5da84c0e38
      size: 82
    - path: src/model/register_model.py
      hash: md5
      md5: 1335a5f23d49b879357f8ef34264ec37
      size: 6390
